<?xml version="1.0" encoding="utf-8"?>
<Project ToolsVersion="4.0" xmlns="http://schemas.microsoft.com/developer/msbuild/2003">
  <ItemGroup>
    <Filter Include="Archivos de código fuente">
      <UniqueIdentifier>{4FC737F1-C7A5-4376-A066-2A32D752A2FF}</UniqueIdentifier>
      <Extensions>cpp;c;cc;cxx;def;odl;idl;hpj;bat;asm;asmx</Extensions>
    </Filter>
    <Filter Include="Archivos de encabezado">
      <UniqueIdentifier>{93995380-89BD-4b04-88EB-625FBE52EBFB}</UniqueIdentifier>
      <Extensions>h;hh;hpp;hxx;hm;inl;inc;xsd</Extensions>
    </Filter>
    <Filter Include="Archivos de recursos">
      <UniqueIdentifier>{67DA6AB6-F800-4c08-8B7A-83BB121AAD01}</UniqueIdentifier>
      <Extensions>rc;ico;cur;bmp;dlg;rc2;rct;bin;rgs;gif;jpg;jpeg;jpe;resx;tiff;tif;png;wav;mfcribbon-ms</Extensions>
    </Filter>
    <Filter Include="Archivos de código fuente\Entities">
      <UniqueIdentifier>{93eecd71-a6d8-42a8-a0f9-088023f2e37f}</UniqueIdentifier>
    </Filter>
    <Filter Include="Archivos de encabezado\Entities">
      <UniqueIdentifier>{cbb65c33-92b5-4171-9aa8-7eb09bbe6692}</UniqueIdentifier>
    </Filter>
    <Filter Include="Archivos de código fuente\States">
      <UniqueIdentifier>{0ff2beff-1fb0-4f40-a9b0-0b596ab3c6be}</UniqueIdentifier>
    </Filter>
    <Filter Include="Archivos de encabezado\States">
      <UniqueIdentifier>{a9fa3022-6d7b-4f34-8b19-fb9cb4d13d42}</UniqueIdentifier>
    </Filter>
    <Filter Include="Archivos de código fuente\Entities\Enemies">
      <UniqueIdentifier>{1933b96b-a78a-4f07-8bd1-29a6a76c07c7}</UniqueIdentifier>
    </Filter>
    <Filter Include="Archivos de encabezado\Entities\Enemies">
      <UniqueIdentifier>{44dcdd1e-1277-4e86-91ff-734a21fa4efe}</UniqueIdentifier>
    </Filter>
    <Filter Include="Archivos de código fuente\Others">
      <UniqueIdentifier>{c3d7ae8d-1db3-4053-9591-235fb5fafb71}</UniqueIdentifier>
    </Filter>
    <Filter Include="Archivos de encabezado\Others">
      <UniqueIdentifier>{b9a050b7-1cce-4e58-91ac-d22a1b2b8dd2}</UniqueIdentifier>
    </Filter>
  </ItemGroup>
  <ItemGroup>
    <ClCompile Include="main.cpp">
      <Filter>Archivos de código fuente</Filter>
    </ClCompile>
    <ClCompile Include="Entity.cpp">
      <Filter>Archivos de código fuente\Entities</Filter>
    </ClCompile>
    <ClCompile Include="Player.cpp">
      <Filter>Archivos de código fuente\Entities</Filter>
    </ClCompile>
    <ClCompile Include="Game.cpp">
      <Filter>Archivos de código fuente\States</Filter>
    </ClCompile>
    <ClCompile Include="Level.cpp">
      <Filter>Archivos de código fuente\States</Filter>
    </ClCompile>
    <ClCompile Include="Menu.cpp">
      <Filter>Archivos de código fuente\States</Filter>
    </ClCompile>
    <ClCompile Include="Enemy.cpp">
      <Filter>Archivos de código fuente\Entities\Enemies</Filter>
    </ClCompile>
    <ClCompile Include="PumpkinBoy.cpp">
      <Filter>Archivos de código fuente\Entities\Enemies</Filter>
    </ClCompile>
    <ClCompile Include="Animation.cpp">
      <Filter>Archivos de código fuente\Others</Filter>
    </ClCompile>
    <ClCompile Include="Credits.cpp">
      <Filter>Archivos de código fuente\States</Filter>
    </ClCompile>
    <ClCompile Include="MusicPlayer.cpp">
      <Filter>Archivos de código fuente\Others</Filter>
    </ClCompile>
    <ClCompile Include="Score.cpp">
      <Filter>Archivos de código fuente\Others</Filter>
    </ClCompile>
    <ClCompile Include="PickUp.cpp">
      <Filter>Archivos de código fuente\Entities</Filter>
    </ClCompile>
    <ClCompile Include="SoundEffect.cpp">
      <Filter>Archivos de código fuente\Others</Filter>
    </ClCompile>
    <ClCompile Include="Zombie.cpp">
      <Filter>Archivos de código fuente\Entities\Enemies</Filter>
    </ClCompile>
    <ClCompile Include="LoadScreen.cpp">
      <Filter>Archivos de código fuente\States</Filter>
    </ClCompile>
  </ItemGroup>
  <ItemGroup>
    <ClInclude Include="Entity.h">
      <Filter>Archivos de encabezado\Entities</Filter>
    </ClInclude>
    <ClInclude Include="Player.h">
      <Filter>Archivos de encabezado\Entities</Filter>
    </ClInclude>
    <ClInclude Include="Game.h">
      <Filter>Archivos de encabezado\States</Filter>
    </ClInclude>
    <ClInclude Include="Level.h">
      <Filter>Archivos de encabezado\States</Filter>
    </ClInclude>
    <ClInclude Include="Menu.h">
      <Filter>Archivos de encabezado\States</Filter>
    </ClInclude>
    <ClInclude Include="Enemy.h">
      <Filter>Archivos de encabezado\Entities\Enemies</Filter>
    </ClInclude>
    <ClInclude Include="PumpkinBoy.h">
      <Filter>Archivos de encabezado\Entities\Enemies</Filter>
    </ClInclude>
    <ClInclude Include="Animation.h">
      <Filter>Archivos de encabezado\Others</Filter>
    </ClInclude>
    <ClInclude Include="Credits.h">
      <Filter>Archivos de encabezado\States</Filter>
    </ClInclude>
    <ClInclude Include="MusicPlayer.h">
      <Filter>Archivos de encabezado\Others</Filter>
    </ClInclude>
    <ClInclude Include="PickUp.h">
      <Filter>Archivos de encabezado\Entities</Filter>
    </ClInclude>
    <ClInclude Include="Score.h">
      <Filter>Archivos de encabezado\Others</Filter>
    </ClInclude>
    <ClInclude Include="SoundEffect.h">
      <Filter>Archivos de encabezado\Others</Filter>
    </ClInclude>
    <ClInclude Include="Zombie.h">
      <Filter>Archivos de encabezado\Entities\Enemies</Filter>
    </ClInclude>
    <ClInclude Include="LoadScreen.h">
      <Filter>Archivos de encabezado\States</Filter>
    </ClInclude>
  </ItemGroup>
</Project>